
Microsoft Visual Studio Solution File, Format Version 12.00
# Visual Studio Version 17
VisualStudioVersion = 17.13.35828.75 d17.13
MinimumVisualStudioVersion = 10.0.40219.1
Project("{FAE04EC0-301F-11D3-BF4B-00C04F79EFBC}") = "ConsoleApp4", "ConsoleApp4\ConsoleApp4.csproj", "{1E4DD52C-905F-4FA6-AD63-9E114D3B8401}"
EndProject
Global
	GlobalSection(SolutionConfigurationPlatforms) = preSolution
		Debug|Any CPU = Debug|Any CPU
		Release|Any CPU = Release|Any CPU
	EndGlobalSection
	GlobalSection(ProjectConfigurationPlatforms) = postSolution
		{1E4DD52C-905F-4FA6-AD63-9E114D3B8401}.Debug|Any CPU.ActiveCfg = Debug|Any CPU
		{1E4DD52C-905F-4FA6-AD63-9E114D3B8401}.Debug|Any CPU.Build.0 = Debug|Any CPU
		{1E4DD52C-905F-4FA6-AD63-9E114D3B8401}.Release|Any CPU.ActiveCfg = Release|Any CPU
		{1E4DD52C-905F-4FA6-AD63-9E114D3B8401}.Release|Any CPU.Build.0 = Release|Any CPU
	EndGlobalSection
	GlobalSection(SolutionProperties) = preSolution
		HideSolutionNode = FALSE
	EndGlobalSection
	GlobalSection(ExtensibilityGlobals) = postSolution
		SolutionGuid = {B71662C3-2AB9-451F-A7A6-212225438A54}
	EndGlobalSection
EndGlobal
